
Microsoft Visual Studio Solution File, Format Version 12.00
# Visual Studio Version 17
VisualStudioVersion = 17.11.35222.181
MinimumVisualStudioVersion = 10.0.40219.1
Project("{FAE04EC0-301F-11D3-BF4B-00C04F79EFBC}") = "DortIslem", "DortIslem\DortIslem.csproj", "{1AC1E452-E02E-4035-98B5-FEB85E8B1D67}"
EndProject
Global
	GlobalSection(SolutionConfigurationPlatforms) = preSolution
		Debug|Any CPU = Debug|Any CPU
		Release|Any CPU = Release|Any CPU
	EndGlobalSection
	GlobalSection(ProjectConfigurationPlatforms) = postSolution
		{1AC1E452-E02E-4035-98B5-FEB85E8B1D67}.Debug|Any CPU.ActiveCfg = Debug|Any CPU
		{1AC1E452-E02E-4035-98B5-FEB85E8B1D67}.Debug|Any CPU.Build.0 = Debug|Any CPU
		{1AC1E452-E02E-4035-98B5-FEB85E8B1D67}.Release|Any CPU.ActiveCfg = Release|Any CPU
		{1AC1E452-E02E-4035-98B5-FEB85E8B1D67}.Release|Any CPU.Build.0 = Release|Any CPU
	EndGlobalSection
	GlobalSection(SolutionProperties) = preSolution
		HideSolutionNode = FALSE
	EndGlobalSection
	GlobalSection(ExtensibilityGlobals) = postSolution
		SolutionGuid = {61BF5DC2-C4AC-4F26-80A3-899C17B80E5C}
	EndGlobalSection
EndGlobal
